
Microsoft Visual Studio Solution File, Format Version 12.00
# Visual Studio Version 17
VisualStudioVersion = 17.7.34018.315
MinimumVisualStudioVersion = 10.0.40219.1
Project("{FAE04EC0-301F-11D3-BF4B-00C04F79EFBC}") = "WebApplication1", "WebApplication1\WebApplication1.csproj", "{3146D9C6-7BDD-459F-8435-B1445A718A5E}"
EndProject
Global
	GlobalSection(SolutionConfigurationPlatforms) = preSolution
		Debug|Any CPU = Debug|Any CPU
		Release|Any CPU = Release|Any CPU
	EndGlobalSection
	GlobalSection(ProjectConfigurationPlatforms) = postSolution
		{3146D9C6-7BDD-459F-8435-B1445A718A5E}.Debug|Any CPU.ActiveCfg = Debug|Any CPU
		{3146D9C6-7BDD-459F-8435-B1445A718A5E}.Debug|Any CPU.Build.0 = Debug|Any CPU
		{3146D9C6-7BDD-459F-8435-B1445A718A5E}.Release|Any CPU.ActiveCfg = Release|Any CPU
		{3146D9C6-7BDD-459F-8435-B1445A718A5E}.Release|Any CPU.Build.0 = Release|Any CPU
	EndGlobalSection
	GlobalSection(SolutionProperties) = preSolution
		HideSolutionNode = FALSE
	EndGlobalSection
	GlobalSection(ExtensibilityGlobals) = postSolution
		SolutionGuid = {1AFF9608-0664-4786-B69A-5EFA0FEE2D5D}
	EndGlobalSection
EndGlobal
